Microsoft Visual Studio Solution File, Format Version 12.00
# Visual Studio Version 17
VisualStudioVersion = 17.5.2.0
MinimumVisualStudioVersion = 10.0.40219.1
Project("{FAE04EC0-301F-11D3-BF4B-00C04F79EFBC}") = "API_Tester", "API_Tester.csproj", "{3FAE5401-F054-77F8-9E67-B993E4CBAC02}"
EndProject
Project("{FAE04EC0-301F-11D3-BF4B-00C04F79EFBC}") = "API_Tester.Core", "..\API_Tester.Core\API_Tester.Core.csproj", "{8FBC124F-743E-4AF8-8DAE-78787921D18E}"
EndProject
Global
	GlobalSection(SolutionConfigurationPlatforms) = preSolution
		Debug|Any CPU = Debug|Any CPU
		Release|Any CPU = Release|Any CPU
	EndGlobalSection
	GlobalSection(ProjectConfigurationPlatforms) = postSolution
		{8FBC124F-743E-4AF8-8DAE-78787921D18E}.Debug|Any CPU.ActiveCfg = Debug|Any CPU
		{8FBC124F-743E-4AF8-8DAE-78787921D18E}.Debug|Any CPU.Build.0 = Debug|Any CPU
		{8FBC124F-743E-4AF8-8DAE-78787921D18E}.Release|Any CPU.ActiveCfg = Release|Any CPU
		{8FBC124F-743E-4AF8-8DAE-78787921D18E}.Release|Any CPU.Build.0 = Release|Any CPU
		{3FAE5401-F054-77F8-9E67-B993E4CBAC02}.Debug|Any CPU.ActiveCfg = Debug|Any CPU
		{3FAE5401-F054-77F8-9E67-B993E4CBAC02}.Debug|Any CPU.Build.0 = Debug|Any CPU
		{3FAE5401-F054-77F8-9E67-B993E4CBAC02}.Release|Any CPU.ActiveCfg = Release|Any CPU
		{3FAE5401-F054-77F8-9E67-B993E4CBAC02}.Release|Any CPU.Build.0 = Release|Any CPU
	EndGlobalSection
	GlobalSection(SolutionProperties) = preSolution
		HideSolutionNode = FALSE
	EndGlobalSection
	GlobalSection(ExtensibilityGlobals) = postSolution
		SolutionGuid = {C5699D1C-698D-4484-86BF-BBF88D1A45FE}
	EndGlobalSection
EndGlobal
